
Microsoft Visual Studio Solution File, Format Version 12.00
# Visual Studio 15
VisualStudioVersion = 15.0.27004.2005
MinimumVisualStudioVersion = 10.0.40219.1
Project("{8BC9CEB8-8B4A-11D0-8D11-00A0C91BC942}") = "Drawing System", "Drawing System\Drawing System.vcxproj", "{DB90889D-DC4A-4476-8004-74BBB4F7A254}"
EndProject
Global
	GlobalSection(SolutionConfigurationPlatforms) = preSolution
		Debug|x64 = Debug|x64
		Debug|x86 = Debug|x86
		Release|x64 = Release|x64
		Release|x86 = Release|x86
	EndGlobalSection
	GlobalSection(ProjectConfigurationPlatforms) = postSolution
		{DB90889D-DC4A-4476-8004-74BBB4F7A254}.Debug|x64.ActiveCfg = Debug|x64
		{DB90889D-DC4A-4476-8004-74BBB4F7A254}.Debug|x64.Build.0 = Debug|x64
		{DB90889D-DC4A-4476-8004-74BBB4F7A254}.Debug|x86.ActiveCfg = Debug|Win32
		{DB90889D-DC4A-4476-8004-74BBB4F7A254}.Debug|x86.Build.0 = Debug|Win32
		{DB90889D-DC4A-4476-8004-74BBB4F7A254}.Release|x64.ActiveCfg = Release|x64
		{DB90889D-DC4A-4476-8004-74BBB4F7A254}.Release|x64.Build.0 = Release|x64
		{DB90889D-DC4A-4476-8004-74BBB4F7A254}.Release|x86.ActiveCfg = Release|Win32
		{DB90889D-DC4A-4476-8004-74BBB4F7A254}.Release|x86.Build.0 = Release|Win32
	EndGlobalSection
	GlobalSection(SolutionProperties) = preSolution
		HideSolutionNode = FALSE
	EndGlobalSection
	GlobalSection(ExtensibilityGlobals) = postSolution
		SolutionGuid = {D63E1F8D-BDF1-4B7D-98F2-20E6F76B106D}
	EndGlobalSection
EndGlobal
